
Microsoft Visual Studio Solution File, Format Version 12.00
# Visual Studio 15
VisualStudioVersion = 15.0.28307.572
MinimumVisualStudioVersion = 10.0.40219.1
Project("{FAE04EC0-301F-11D3-BF4B-00C04F79EFBC}") = "StoreMusic", "StoreMusic\StoreMusic.csproj", "{306227DA-46C2-46D6-83AA-9B405D2573AF}"
EndProject
Global
	GlobalSection(SolutionConfigurationPlatforms) = preSolution
		Debug|Any CPU = Debug|Any CPU
		Release|Any CPU = Release|Any CPU
	EndGlobalSection
	GlobalSection(ProjectConfigurationPlatforms) = postSolution
		{306227DA-46C2-46D6-83AA-9B405D2573AF}.Debug|Any CPU.ActiveCfg = Debug|Any CPU
		{306227DA-46C2-46D6-83AA-9B405D2573AF}.Debug|Any CPU.Build.0 = Debug|Any CPU
		{306227DA-46C2-46D6-83AA-9B405D2573AF}.Release|Any CPU.ActiveCfg = Release|Any CPU
		{306227DA-46C2-46D6-83AA-9B405D2573AF}.Release|Any CPU.Build.0 = Release|Any CPU
	EndGlobalSection
	GlobalSection(SolutionProperties) = preSolution
		HideSolutionNode = FALSE
	EndGlobalSection
	GlobalSection(ExtensibilityGlobals) = postSolution
		SolutionGuid = {BA196706-5814-46C1-96F3-3041CFED96A4}
	EndGlobalSection
EndGlobal
