
Microsoft Visual Studio Solution File, Format Version 12.00
# Visual Studio Version 16
VisualStudioVersion = 16.0.29001.49
MinimumVisualStudioVersion = 10.0.40219.1
Project("{FAE04EC0-301F-11D3-BF4B-00C04F79EFBC}") = "API_Ajax", "API_Ajax\API_Ajax.csproj", "{44A2B8FC-8D22-473C-A938-2520795D890A}"
EndProject
Global
	GlobalSection(SolutionConfigurationPlatforms) = preSolution
		Debug|Any CPU = Debug|Any CPU
		Release|Any CPU = Release|Any CPU
	EndGlobalSection
	GlobalSection(ProjectConfigurationPlatforms) = postSolution
		{44A2B8FC-8D22-473C-A938-2520795D890A}.Debug|Any CPU.ActiveCfg = Debug|Any CPU
		{44A2B8FC-8D22-473C-A938-2520795D890A}.Debug|Any CPU.Build.0 = Debug|Any CPU
		{44A2B8FC-8D22-473C-A938-2520795D890A}.Release|Any CPU.ActiveCfg = Release|Any CPU
		{44A2B8FC-8D22-473C-A938-2520795D890A}.Release|Any CPU.Build.0 = Release|Any CPU
	EndGlobalSection
	GlobalSection(SolutionProperties) = preSolution
		HideSolutionNode = FALSE
	EndGlobalSection
	GlobalSection(ExtensibilityGlobals) = postSolution
		SolutionGuid = {F6C275D9-77D1-4D4F-9306-9C4BC348EA05}
	EndGlobalSection
EndGlobal
