
Microsoft Visual Studio Solution File, Format Version 12.00
# Visual Studio 15
VisualStudioVersion = 15.0.28307.572
MinimumVisualStudioVersion = 10.0.40219.1
Project("{FAE04EC0-301F-11D3-BF4B-00C04F79EFBC}") = "Store_Music", "Store_Music\Store_Music.csproj", "{C2DA2601-4317-4741-A470-2B6ED177785C}"
EndProject
Global
	GlobalSection(SolutionConfigurationPlatforms) = preSolution
		Debug|Any CPU = Debug|Any CPU
		Release|Any CPU = Release|Any CPU
	EndGlobalSection
	GlobalSection(ProjectConfigurationPlatforms) = postSolution
		{C2DA2601-4317-4741-A470-2B6ED177785C}.Debug|Any CPU.ActiveCfg = Debug|Any CPU
		{C2DA2601-4317-4741-A470-2B6ED177785C}.Debug|Any CPU.Build.0 = Debug|Any CPU
		{C2DA2601-4317-4741-A470-2B6ED177785C}.Release|Any CPU.ActiveCfg = Release|Any CPU
		{C2DA2601-4317-4741-A470-2B6ED177785C}.Release|Any CPU.Build.0 = Release|Any CPU
	EndGlobalSection
	GlobalSection(SolutionProperties) = preSolution
		HideSolutionNode = FALSE
	EndGlobalSection
	GlobalSection(ExtensibilityGlobals) = postSolution
		SolutionGuid = {7681CF4E-3BB7-462B-87DD-5A3B211F45D5}
	EndGlobalSection
EndGlobal
