
Microsoft Visual Studio Solution File, Format Version 12.00
# Visual Studio 15
VisualStudioVersion = 15.0.28307.421
MinimumVisualStudioVersion = 10.0.40219.1
Project("{FAE04EC0-301F-11D3-BF4B-00C04F79EFBC}") = "Practice", "Practice\Practice.csproj", "{8DB981E2-11CF-4D85-99A1-E9BBA2803C51}"
EndProject
Global
	GlobalSection(SolutionConfigurationPlatforms) = preSolution
		Debug|Any CPU = Debug|Any CPU
		Release|Any CPU = Release|Any CPU
	EndGlobalSection
	GlobalSection(ProjectConfigurationPlatforms) = postSolution
		{8DB981E2-11CF-4D85-99A1-E9BBA2803C51}.Debug|Any CPU.ActiveCfg = Debug|Any CPU
		{8DB981E2-11CF-4D85-99A1-E9BBA2803C51}.Debug|Any CPU.Build.0 = Debug|Any CPU
		{8DB981E2-11CF-4D85-99A1-E9BBA2803C51}.Release|Any CPU.ActiveCfg = Release|Any CPU
		{8DB981E2-11CF-4D85-99A1-E9BBA2803C51}.Release|Any CPU.Build.0 = Release|Any CPU
	EndGlobalSection
	GlobalSection(SolutionProperties) = preSolution
		HideSolutionNode = FALSE
	EndGlobalSection
	GlobalSection(ExtensibilityGlobals) = postSolution
		SolutionGuid = {D8EBD5D8-70A5-45E6-B0A8-95B7F00C633C}
	EndGlobalSection
EndGlobal
