
Microsoft Visual Studio Solution File, Format Version 12.00
# Visual Studio 15
VisualStudioVersion = 15.0.28307.421
MinimumVisualStudioVersion = 10.0.40219.1
Project("{FAE04EC0-301F-11D3-BF4B-00C04F79EFBC}") = "Pratice 1", "Pratice 1\Pratice 1.csproj", "{A09ED547-1093-433C-9D73-A2612E1E7E53}"
EndProject
Project("{FAE04EC0-301F-11D3-BF4B-00C04F79EFBC}") = "TestPratice1", "TestPratice1\TestPratice1.csproj", "{88B65ACE-492E-47F3-B9D1-276AB1C20853}"
EndProject
Global
	GlobalSection(SolutionConfigurationPlatforms) = preSolution
		Debug|Any CPU = Debug|Any CPU
		Release|Any CPU = Release|Any CPU
	EndGlobalSection
	GlobalSection(ProjectConfigurationPlatforms) = postSolution
		{A09ED547-1093-433C-9D73-A2612E1E7E53}.Debug|Any CPU.ActiveCfg = Debug|Any CPU
		{A09ED547-1093-433C-9D73-A2612E1E7E53}.Debug|Any CPU.Build.0 = Debug|Any CPU
		{A09ED547-1093-433C-9D73-A2612E1E7E53}.Release|Any CPU.ActiveCfg = Release|Any CPU
		{A09ED547-1093-433C-9D73-A2612E1E7E53}.Release|Any CPU.Build.0 = Release|Any CPU
		{88B65ACE-492E-47F3-B9D1-276AB1C20853}.Debug|Any CPU.ActiveCfg = Debug|Any CPU
		{88B65ACE-492E-47F3-B9D1-276AB1C20853}.Debug|Any CPU.Build.0 = Debug|Any CPU
		{88B65ACE-492E-47F3-B9D1-276AB1C20853}.Release|Any CPU.ActiveCfg = Release|Any CPU
		{88B65ACE-492E-47F3-B9D1-276AB1C20853}.Release|Any CPU.Build.0 = Release|Any CPU
	EndGlobalSection
	GlobalSection(SolutionProperties) = preSolution
		HideSolutionNode = FALSE
	EndGlobalSection
	GlobalSection(ExtensibilityGlobals) = postSolution
		SolutionGuid = {9A6C9884-EAEB-43D4-98DD-0EF922BA4580}
	EndGlobalSection
EndGlobal
